
Microsoft Visual Studio Solution File, Format Version 12.00
# Visual Studio Version 16
VisualStudioVersion = 16.0.29709.97
MinimumVisualStudioVersion = 10.0.40219.1
Project("{9A19103F-16F7-4668-BE54-9A1E7A4F7556}") = "VillageManagement", "VillageManagement\VillageManagement.csproj", "{5E5B5AAD-8316-45D5-9301-65829648D9DF}"
EndProject
Project("{9A19103F-16F7-4668-BE54-9A1E7A4F7556}") = "VillageManagement.Library", "VillageManagement.Library\VillageManagement.Library.csproj", "{0DCA8D24-9682-47C2-91C4-BF0B65130FDE}"
EndProject
Global
	GlobalSection(SolutionConfigurationPlatforms) = preSolution
		Debug|Any CPU = Debug|Any CPU
		Release|Any CPU = Release|Any CPU
	EndGlobalSection
	GlobalSection(ProjectConfigurationPlatforms) = postSolution
		{5E5B5AAD-8316-45D5-9301-65829648D9DF}.Debug|Any CPU.ActiveCfg = Debug|Any CPU
		{5E5B5AAD-8316-45D5-9301-65829648D9DF}.Debug|Any CPU.Build.0 = Debug|Any CPU
		{5E5B5AAD-8316-45D5-9301-65829648D9DF}.Release|Any CPU.ActiveCfg = Release|Any CPU
		{5E5B5AAD-8316-45D5-9301-65829648D9DF}.Release|Any CPU.Build.0 = Release|Any CPU
		{0DCA8D24-9682-47C2-91C4-BF0B65130FDE}.Debug|Any CPU.ActiveCfg = Debug|Any CPU
		{0DCA8D24-9682-47C2-91C4-BF0B65130FDE}.Debug|Any CPU.Build.0 = Debug|Any CPU
		{0DCA8D24-9682-47C2-91C4-BF0B65130FDE}.Release|Any CPU.ActiveCfg = Release|Any CPU
		{0DCA8D24-9682-47C2-91C4-BF0B65130FDE}.Release|Any CPU.Build.0 = Release|Any CPU
	EndGlobalSection
	GlobalSection(SolutionProperties) = preSolution
		HideSolutionNode = FALSE
	EndGlobalSection
	GlobalSection(ExtensibilityGlobals) = postSolution
		SolutionGuid = {C96FF247-4D21-498E-BE22-7E09A5C48F93}
	EndGlobalSection
EndGlobal
